
Microsoft Visual Studio Solution File, Format Version 12.00
# Visual Studio Version 17
VisualStudioVersion = 17.7.34202.233
MinimumVisualStudioVersion = 10.0.40219.1
Project("{FAE04EC0-301F-11D3-BF4B-00C04F79EFBC}") = "EjercicioListasDiccionarios", "EjercicioListasDiccionarios\EjercicioListasDiccionarios.csproj", "{11581D5D-5A51-43EC-8AAD-1718B95BF960}"
EndProject
Global
	GlobalSection(SolutionConfigurationPlatforms) = preSolution
		Debug|Any CPU = Debug|Any CPU
		Release|Any CPU = Release|Any CPU
	EndGlobalSection
	GlobalSection(ProjectConfigurationPlatforms) = postSolution
		{11581D5D-5A51-43EC-8AAD-1718B95BF960}.Debug|Any CPU.ActiveCfg = Debug|Any CPU
		{11581D5D-5A51-43EC-8AAD-1718B95BF960}.Debug|Any CPU.Build.0 = Debug|Any CPU
		{11581D5D-5A51-43EC-8AAD-1718B95BF960}.Release|Any CPU.ActiveCfg = Release|Any CPU
		{11581D5D-5A51-43EC-8AAD-1718B95BF960}.Release|Any CPU.Build.0 = Release|Any CPU
	EndGlobalSection
	GlobalSection(SolutionProperties) = preSolution
		HideSolutionNode = FALSE
	EndGlobalSection
	GlobalSection(ExtensibilityGlobals) = postSolution
		SolutionGuid = {7A061E86-7C95-4200-9E44-04C31A7AF95C}
	EndGlobalSection
EndGlobal
